Microsoft Visual Studio Solution File, Format Version 11.00
# Visual Studio 16
Project("{F184B08F-C81C-45F6-A57F-5ABD9991F28F}") = "WpfApplication1", "WpfApplication1\WpfApplication1.Net5.vbproj", "{3D17DB98-FC25-4B25-877E-3836082427D0}"
EndProject
Global
	GlobalSection(SolutionConfigurationPlatforms) = preSolution
		Debug|x86 = Debug|x86
		Release|x86 = Release|x86
	EndGlobalSection
	GlobalSection(ProjectConfigurationPlatforms) = postSolution
		{3D17DB98-FC25-4B25-877E-3836082427D0}.Debug|x86.ActiveCfg = Debug|x86
		{3D17DB98-FC25-4B25-877E-3836082427D0}.Debug|x86.Build.0 = Debug|x86
		{3D17DB98-FC25-4B25-877E-3836082427D0}.Release|x86.ActiveCfg = Release|x86
		{3D17DB98-FC25-4B25-877E-3836082427D0}.Release|x86.Build.0 = Release|x86
	EndGlobalSection
	GlobalSection(SolutionProperties) = preSolution
		HideSolutionNode = FALSE
	EndGlobalSection
EndGlobal
